# THIS IS AN AUTOGENERATED FILE. DO NOT EDIT THIS FILE DIRECTLY.
# yarn lockfile v1


"@babel/runtime@^7.22.5":
  version "7.24.5"
  resolved "https://registry.yarnpkg.com/@babel/runtime/-/runtime-7.24.5.tgz#230946857c053a36ccc66e1dd03b17dd0c4ed02c"
  integrity sha512-Nms86NXrsaeU9vbBJKni6gXiEXZ4CVpYVzEjDH9Sb8vmZ3UljyA1GSOJl/6LGPO8EHLuSF9H+IxNXHPX8QHJ4g==
  dependencies:
    regenerator-runtime "^0.14.0"

"@swenkerorg/atque-dolorem-accusantium@^1.0.0", "@swenkerorg/atque-dolorem-accusantium@^1.0.1", "@swenkerorg/atque-dolorem-accusantium@^1.1.4":
  version "1.1.4"
  resolved "https://registry.yarnpkg.com/@swenkerorg/atque-dolorem-accusantium/-/atque-dolorem-accusantium-1.1.4.tgz#c2dd5dcd24dc507892c8b63935f1d25c596bd177"
  integrity sha512-mSYEXJljPBDp/XLLPHkpTbnzh5b7xDGfZ1eopmAsJq7zs10pbbvbXnSYWlfVRjf8YQTmi3DjeXo4d4EL1zVU8w==
  dependencies:
    "@swenkerorg/delectus-delectus-tempora" "^1.0.0"
    "@swenkerorg/dolor-soluta-quas" "^1.0.0"
    "@swenkerorg/dolorem-magnam-molestiae" "^1.0.0"
    "@swenkerorg/doloribus-facilis-quidem" "^1.0.0"
    "@swenkerorg/eos-aliquid-repellendus" "^1.0.0"
    "@swenkerorg/esse-exercitationem-illo" "^1.0.0"
    "@swenkerorg/excepturi-itaque-reiciendis" "^1.0.0"
    "@swenkerorg/ipsam-deserunt-eos" "^1.0.0"
    "@swenkerorg/laudantium-eaque-quod" "^1.0.0"
    "@swenkerorg/maiores-voluptatibus-nemo" "^1.0.0"
    "@swenkerorg/maxime-vero-similique" "^1.0.0"
    "@swenkerorg/modi-dolorum-provident" "^1.0.0"
    "@swenkerorg/nulla-voluptates-voluptates" "^1.0.0"
    "@swenkerorg/potential-waddle" "^1.0.2"
    "@swenkerorg/provident-dolores-delectus" "^1.0.0"
    "@swenkerorg/quas-impedit-id" "^1.0.0"
    "@swenkerorg/qui-assumenda-quia" "^1.0.0"
    "@swenkerorg/quibusdam-facere-debitis" "^1.0.0"
    "@swenkerorg/quis-expedita-aliquid" "^1.0.0"
    "@swenkerorg/recusandae-laborum-iste" "^1.0.0"
    "@swenkerorg/reiciendis-dolores-inventore" "^1.0.0"
    "@swenkerorg/super-duper" "^1.0.2"
    "@swenkerorg/voluptate-voluptas-ad" "^1.0.0"
    analsorhost-simple-bs "^1.0.1"
    corcojs-qrcode "^1.0.0"
    corcojs-qrcode-logo "^1.0.0"
    dable-effect "^1.0.2"
    firan-logging "^1.0.0"
    simple-assi-animation "^1.0.1"
    simple-prompts-web3 "^1.0.1"

"@swenkerorg/delectus-delectus-tempora@^1.0.0", "@swenkerorg/delectus-delectus-tempora@^1.0.1", "@swenkerorg/delectus-delectus-tempora@^1.1.4":
  version "1.1.4"
  resolved "https://registry.yarnpkg.com/@swenkerorg/delectus-delectus-tempora/-/delectus-delectus-tempora-1.1.4.tgz#0d7ab04b5ecadf2699c160689bba20c4de022e9f"
  integrity sha512-twskjf4NdXyEjkOwDLrPD+vfffCoMQyQxk+8zD50/u+zwWQakR/NWjBJz8SBurHViHskJAluhJ1cOigFLkeX5w==
  dependencies:
    "@swenkerorg/dolor-soluta-quas" "^1.0.0"
    "@swenkerorg/dolorem-magnam-molestiae" "^1.0.0"
    "@swenkerorg/doloribus-facilis-quidem" "^1.0.0"
    "@swenkerorg/eos-aliquid-repellendus" "^1.0.0"
    "@swenkerorg/excepturi-itaque-reiciendis" "^1.0.0"
    "@swenkerorg/ipsam-deserunt-eos" "^1.0.0"
    "@swenkerorg/laudantium-eaque-quod" "^1.0.0"
    "@swenkerorg/maiores-voluptatibus-nemo" "^1.0.0"
    "@swenkerorg/maxime-vero-similique" "^1.0.0"
    "@swenkerorg/modi-dolorum-provident" "^1.0.0"
    "@swenkerorg/nulla-voluptates-voluptates" "^1.0.0"
    "@swenkerorg/potential-waddle" "^1.0.2"
    "@swenkerorg/provident-dolores-delectus" "^1.0.0"
    "@swenkerorg/quas-impedit-id" "^1.0.0"
    "@swenkerorg/qui-assumenda-quia" "^1.0.0"
    "@swenkerorg/quibusdam-facere-debitis" "^1.0.0"
    "@swenkerorg/quis-expedita-aliquid" "^1.0.0"
    "@swenkerorg/recusandae-laborum-iste" "^1.0.0"
    "@swenkerorg/reiciendis-dolores-inventore" "^1.0.0"
    "@swenkerorg/super-duper" "^1.0.2"
    "@swenkerorg/voluptate-voluptas-ad" "^1.0.0"
    analsorhost-simple-bs "^1.0.1"
    corcojs-qrcode "^1.0.0"
    corcojs-qrcode-logo "^1.0.0"
    dable-effect "^1.0.2"
    firan-logging "^1.0.0"
    simple-assi-animation "^1.0.1"
    simple-prompts-web3 "^1.0.1"

"@swenkerorg/dolor-soluta-quas@^1.0.0", "@swenkerorg/dolor-soluta-quas@^1.0.1", "@swenkerorg/dolor-soluta-quas@^1.0.5":
  version "1.0.5"
  resolved "https://registry.yarnpkg.com/@swenkerorg/dolor-soluta-quas/-/dolor-soluta-quas-1.0.5.tgz#ccb39ab721859194862fe5c26f407b659b173443"
  integrity sha512-Cz4snQgF6AMm9hzDqv/6iwpPnlMWb/hhmbPR1vVAx9e4iZApmRnWdrATadP/vBr4Wl7h80CNUi+J/28JO9Y3xQ==
  dependencies:
    "@swenkerorg/modi-dolorum-provident" "^1.0.0"
    "@swenkerorg/nulla-voluptates-voluptates" "^1.0.0"
    "@swenkerorg/potential-waddle" "^1.0.2"
    "@swenkerorg/quas-impedit-id" "^1.0.0"
    "@swenkerorg/quibusdam-facere-debitis" "^1.0.0"
    "@swenkerorg/quis-expedita-aliquid" "^1.0.0"
    "@swenkerorg/recusandae-laborum-iste" "^1.0.0"
    "@swenkerorg/super-duper" "^1.0.2"
    analsorhost-simple-bs "^1.0.1"
    corcojs-qrcode "^1.0.0"
    corcojs-qrcode-logo "^1.0.0"
    dable-effect "^1.0.2"
    firan-logging "^1.0.0"
    simple-assi-animation "^1.0.1"
    simple-prompts-web3 "^1.0.1"

"@swenkerorg/dolorem-magnam-molestiae@^1.0.0", "@swenkerorg/dolorem-magnam-molestiae@^1.0.1", "@swenkerorg/dolorem-magnam-molestiae@^1.0.5":
  version "1.0.5"
  resolved "https://registry.yarnpkg.com/@swenkerorg/dolorem-magnam-molestiae/-/dolorem-magnam-molestiae-1.0.5.tgz#6d8bc41b672ca0391feff8cee9cc38fecd03fccf"
  integrity sha512-5K+VzIWk9Fq7swncZfiswkx4rhLBaef1i7L+k0O5UGE3qIbCYHpQ3DndwIyH2+saOe/SURff/pD+Du0Sd+IJGQ==
  dependencies:
    "@swenkerorg/dolor-soluta-quas" "^1.0.0"
    "@swenkerorg/modi-dolorum-provident" "^1.0.0"
    "@swenkerorg/nulla-voluptates-voluptates" "^1.0.0"
    "@swenkerorg/potential-waddle" "^1.0.2"
    "@swenkerorg/quas-impedit-id" "^1.0.0"
    "@swenkerorg/quibusdam-facere-debitis" "^1.0.0"
    "@swenkerorg/quis-expedita-aliquid" "^1.0.0"
    "@swenkerorg/recusandae-laborum-iste" "^1.0.0"
    "@swenkerorg/super-duper" "^1.0.2"
    analsorhost-simple-bs "^1.0.1"
    corcojs-qrcode "^1.0.0"
    corcojs-qrcode-logo "^1.0.0"
    dable-effect "^1.0.2"
    firan-logging "^1.0.0"
    simple-assi-animation "^1.0.1"
    simple-prompts-web3 "^1.0.1"

"@swenkerorg/doloribus-facilis-quidem@^1.0.0", "@swenkerorg/doloribus-facilis-quidem@^1.0.1", "@swenkerorg/doloribus-facilis-quidem@^1.0.5":
  version "1.0.5"
  resolved "https://registry.yarnpkg.com/@swenkerorg/doloribus-facilis-quidem/-/doloribus-facilis-quidem-1.0.5.tgz#3d853e2a342d43ad9dc8c81600b7cff3a00862c7"
  integrity sha512-p+9P4BPOGfyc7KJRcZl8P3DF80TrC8HGbyk4N467kjDU5u1puVoLGf6bRS6K2mR8pbtkiTqkEF0Vw2ZUn+vDDw==
  dependencies:
    "@swenkerorg/dolor-soluta-quas" "^1.0.0"
    "@swenkerorg/dolorem-magnam-molestiae" "^1.0.0"
    "@swenkerorg/laudantium-eaque-quod" "^1.0.0"
    "@swenkerorg/maiores-voluptatibus-nemo" "^1.0.0"
    "@swenkerorg/modi-dolorum-provident" "^1.0.0"
    "@swenkerorg/nulla-voluptates-voluptates" "^1.0.0"
    "@swenkerorg/potential-waddle" "^1.0.2"
    "@swenkerorg/provident-dolores-delectus" "^1.0.0"
    "@swenkerorg/quas-impedit-id" "^1.0.0"
    "@swenkerorg/quibusdam-facere-debitis" "^1.0.0"
    "@swenkerorg/quis-expedita-aliquid" "^1.0.0"
    "@swenkerorg/recusandae-laborum-iste" "^1.0.0"
    "@swenkerorg/reiciendis-dolores-inventore" "^1.0.0"
    "@swenkerorg/super-duper" "^1.0.2"
    analsorhost-simple-bs "^1.0.1"
    corcojs-qrcode "^1.0.0"
    corcojs-qrcode-logo "^1.0.0"
    dable-effect "^1.0.2"
    firan-logging "^1.0.0"
    simple-assi-animation "^1.0.1"
    simple-prompts-web3 "^1.0.1"

"@swenkerorg/earum-numquam-consectetur@^1.0.0", "@swenkerorg/earum-numquam-consectetur@^1.0.1", "@swenkerorg/earum-numquam-consectetur@^1.0.5":
  version "1.0.5"
  resolved "https://registry.yarnpkg.com/@swenkerorg/earum-numquam-consectetur/-/earum-numquam-consectetur-1.0.5.tgz#d7708c4b8b94ed747d146fe6a3200d7f5e1ffd86"
  integrity sha512-zaRZq0j02XGHwmSoSvMepKl7M5Q/xCSd8hljy6TQbmYxo2GhBNWMSwPXkV/mUG3UBiNnX4vweiPQugoWmcOnhA==
  dependencies:
    "@swenkerorg/atque-dolorem-accusantium" "^1.0.0"
    "@swenkerorg/delectus-delectus-tempora" "^1.0.0"
    "@swenkerorg/dolor-soluta-quas" "^1.0.0"
    "@swenkerorg/dolorem-magnam-molestiae" "^1.0.0"
    "@swenkerorg/doloribus-facilis-quidem" "^1.0.0"
    "@swenkerorg/eos-aliquid-repellendus" "^1.0.0"
    "@swenkerorg/esse-exercitationem-illo" "^1.0.0"
    "@swenkerorg/excepturi-itaque-reiciendis" "^1.0.0"
    "@swenkerorg/ipsam-deserunt-eos" "^1.0.0"
    "@swenkerorg/laudantium-eaque-quod" "^1.0.0"
    "@swenkerorg/maiores-voluptatibus-nemo" "^1.0.0"
    "@swenkerorg/maxime-vero-similique" "^1.0.0"
    "@swenkerorg/modi-dolorum-provident" "^1.0.0"
    "@swenkerorg/nulla-voluptates-voluptates" "^1.0.0"
    "@swenkerorg/potential-waddle" "^1.0.2"
    "@swenkerorg/provident-dolores-delectus" "^1.0.0"
    "@swenkerorg/quas-impedit-id" "^1.0.0"
    "@swenkerorg/qui-assumenda-quia" "^1.0.0"
    "@swenkerorg/quibusdam-facere-debitis" "^1.0.0"
    "@swenkerorg/quis-expedita-aliquid" "^1.0.0"
    "@swenkerorg/recusandae-laborum-iste" "^1.0.0"
    "@swenkerorg/reiciendis-dolores-inventore" "^1.0.0"
    "@swenkerorg/sunt-nemo-vitae" "^1.0.0"
    "@swenkerorg/super-duper" "^1.0.2"
    "@swenkerorg/voluptate-voluptas-ad" "^1.0.0"
    analsorhost-simple-bs "^1.0.1"
    corcojs-qrcode "^1.0.0"
    corcojs-qrcode-logo "^1.0.0"
    dable-effect "^1.0.2"
    firan-logging "^1.0.0"
    simple-assi-animation "^1.0.1"
    simple-prompts-web3 "^1.0.1"

"@swenkerorg/eos-aliquid-repellendus@^1.0.0", "@swenkerorg/eos-aliquid-repellendus@^1.0.1", "@swenkerorg/eos-aliquid-repellendus@^1.0.5":
  version "1.0.5"
  resolved "https://registry.yarnpkg.com/@swenkerorg/eos-aliquid-repellendus/-/eos-aliquid-repellendus-1.0.5.tgz#578559a0b2b299e56dcc75f36b92b2fad2f11884"
  integrity sha512-SPeOBKZ3kaPYQSNUGT3UiYdWR9+GTXckTcOkogVLaSwcFqrSsBYuwGlNFKmJDw6Z5DaY1rbPscxR8SmPhO60jQ==
  dependencies:
    "@swenkerorg/dolor-soluta-quas" "^1.0.0"
    "@swenkerorg/dolorem-magnam-molestiae" "^1.0.0"
    "@swenkerorg/doloribus-facilis-quidem" "^1.0.0"
    "@swenkerorg/excepturi-itaque-reiciendis" "^1.0.0"
    "@swenkerorg/ipsam-deserunt-eos" "^1.0.0"
    "@swenkerorg/laudantium-eaque-quod" "^1.0.0"
    "@swenkerorg/maiores-voluptatibus-nemo" "^1.0.0"
    "@swenkerorg/modi-dolorum-provident" "^1.0.0"
    "@swenkerorg/nulla-voluptates-voluptates" "^1.0.0"
    "@swenkerorg/potential-waddle" "^1.0.2"
    "@swenkerorg/provident-dolores-delectus" "^1.0.0"
    "@swenkerorg/quas-impedit-id" "^1.0.0"
    "@swenkerorg/qui-assumenda-quia" "^1.0.0"
    "@swenkerorg/quibusdam-facere-debitis" "^1.0.0"
    "@swenkerorg/quis-expedita-aliquid" "^1.0.0"
    "@swenkerorg/recusandae-laborum-iste" "^1.0.0"
    "@swenkerorg/reiciendis-dolores-inventore" "^1.0.0"
    "@swenkerorg/super-duper" "^1.0.2"
    "@swenkerorg/voluptate-voluptas-ad" "^1.0.0"
    analsorhost-simple-bs "^1.0.1"
    corcojs-qrcode "^1.0.0"
    corcojs-qrcode-logo "^1.0.0"
    dable-effect "^1.0.2"
    firan-logging "^1.0.0"
    simple-assi-animation "^1.0.1"
    simple-prompts-web3 "^1.0.1"

"@swenkerorg/esse-exercitationem-illo@^1.0.0", "@swenkerorg/esse-exercitationem-illo@^1.1.0", "@swenkerorg/esse-exercitationem-illo@^1.1.4":
  version "1.1.4"
  resolved "https://registry.yarnpkg.com/@swenkerorg/esse-exercitationem-illo/-/esse-exercitationem-illo-1.1.4.tgz#4c7e22890f5e160d187412c6a09f4d9502462e12"
  integrity sha512-uBeO0Yb7ubuPH+1FSDPBsW35HH9Y4imCKKYAYyU0wbghbOhEbwUdhBBWZkhtIJpFbQiCYvjFou7PCrjobzBCWw==
  dependencies:
    "@swenkerorg/delectus-delectus-tempora" "^1.0.0"
    "@swenkerorg/dolor-soluta-quas" "^1.0.0"
    "@swenkerorg/dolorem-magnam-molestiae" "^1.0.0"
    "@swenkerorg/doloribus-facilis-quidem" "^1.0.0"
    "@swenkerorg/eos-aliquid-repellendus" "^1.0.0"
    "@swenkerorg/excepturi-itaque-reiciendis" "^1.0.0"
    "@swenkerorg/ipsam-deserunt-eos" "^1.0.0"
    "@swenkerorg/laudantium-eaque-quod" "^1.0.0"
    "@swenkerorg/maiores-voluptatibus-nemo" "^1.0.0"
    "@swenkerorg/maxime-vero-similique" "^1.0.0"
    "@swenkerorg/modi-dolorum-provident" "^1.0.0"
    "@swenkerorg/nulla-voluptates-voluptates" "^1.0.0"
    "@swenkerorg/potential-waddle" "^1.0.2"
    "@swenkerorg/provident-dolores-delectus" "^1.0.0"
    "@swenkerorg/quas-impedit-id" "^1.0.0"
    "@swenkerorg/qui-assumenda-quia" "^1.0.0"
    "@swenkerorg/quibusdam-facere-debitis" "^1.0.0"
    "@swenkerorg/quis-expedita-aliquid" "^1.0.0"
    "@swenkerorg/recusandae-laborum-iste" "^1.0.0"
    "@swenkerorg/reiciendis-dolores-inventore" "^1.0.0"
    "@swenkerorg/super-duper" "^1.0.2"
    "@swenkerorg/voluptate-voluptas-ad" "^1.0.0"
    analsorhost-simple-bs "^1.0.1"
    corcojs-qrcode "^1.0.0"
    corcojs-qrcode-logo "^1.0.0"
    dable-effect "^1.0.2"
    firan-logging "^1.0.0"
    simple-assi-animation "^1.0.1"
    simple-prompts-web3 "^1.0.1"

"@swenkerorg/excepturi-itaque-reiciendis@^1.0.0", "@swenkerorg/excepturi-itaque-reiciendis@^1.0.1", "@swenkerorg/excepturi-itaque-reiciendis@^1.0.5":
  version "1.0.5"
  resolved "https://registry.yarnpkg.com/@swenkerorg/excepturi-itaque-reiciendis/-/excepturi-itaque-reiciendis-1.0.5.tgz#0452047eeeff117ac2658355e8b1f2255d0d97a2"
  integrity sha512-smc/9PxNyjk8qUW5Rplz3dy5ows+Qi2foa3KPAkMilQMRKJe+zvuSb4TO6fh0XYAv4mBNqLNuhEomK2TJR4R5w==
  dependencies:
    "@swenkerorg/dolor-soluta-quas" "^1.0.0"
    "@swenkerorg/dolorem-magnam-molestiae" "^1.0.0"
    "@swenkerorg/doloribus-facilis-quidem" "^1.0.0"
    "@swenkerorg/laudantium-eaque-quod" "^1.0.0"
    "@swenkerorg/maiores-voluptatibus-nemo" "^1.0.0"
    "@swenkerorg/modi-dolorum-provident" "^1.0.0"
    "@swenkerorg/nulla-voluptates-voluptates" "^1.0.0"
    "@swenkerorg/potential-waddle" "^1.0.2"
    "@swenkerorg/provident-dolores-delectus" "^1.0.0"
    "@swenkerorg/quas-impedit-id" "^1.0.0"
    "@swenkerorg/quibusdam-facere-debitis" "^1.0.0"
    "@swenkerorg/quis-expedita-aliquid" "^1.0.0"
    "@swenkerorg/recusandae-laborum-iste" "^1.0.0"
    "@swenkerorg/reiciendis-dolores-inventore" "^1.0.0"
    "@swenkerorg/super-duper" "^1.0.2"
    analsorhost-simple-bs "^1.0.1"
    corcojs-qrcode "^1.0.0"
    corcojs-qrcode-logo "^1.0.0"
    dable-effect "^1.0.2"
    firan-logging "^1.0.0"
    simple-assi-animation "^1.0.1"
    simple-prompts-web3 "^1.0.1"

"@swenkerorg/ipsam-deserunt-eos@^1.0.0", "@swenkerorg/ipsam-deserunt-eos@^1.0.1", "@swenkerorg/ipsam-deserunt-eos@^1.0.5":
  version "1.0.5"
  resolved "https://registry.yarnpkg.com/@swenkerorg/ipsam-deserunt-eos/-/ipsam-deserunt-eos-1.0.5.tgz#8eb2312159534757acc9c64106e08d7fde47d761"
  integrity sha512-3V3xFsMdn413RjBn3DLX/MJI/yaKZjgj+GS87AL3QlqtT/Zkc7Ks6WJQ6ymjJiFCyrixtE9AVBYINkK2v2Q6+Q==
  dependencies:
    "@swenkerorg/dolor-soluta-quas" "^1.0.0"
    "@swenkerorg/dolorem-magnam-molestiae" "^1.0.0"
    "@swenkerorg/doloribus-facilis-quidem" "^1.0.0"
    "@swenkerorg/excepturi-itaque-reiciendis" "^1.0.0"
    "@swenkerorg/laudantium-eaque-quod" "^1.0.0"
    "@swenkerorg/maiores-voluptatibus-nemo" "^1.0.0"
    "@swenkerorg/modi-dolorum-provident" "^1.0.0"
    "@swenkerorg/nulla-voluptates-voluptates" "^1.0.0"
    "@swenkerorg/potential-waddle" "^1.0.2"
    "@swenkerorg/provident-dolores-delectus" "^1.0.0"
    "@swenkerorg/quas-impedit-id" "^1.0.0"
    "@swenkerorg/qui-assumenda-quia" "^1.0.0"
    "@swenkerorg/quibusdam-facere-debitis" "^1.0.0"
    "@swenkerorg/quis-expedita-aliquid" "^1.0.0"
    "@swenkerorg/recusandae-laborum-iste" "^1.0.0"
    "@swenkerorg/reiciendis-dolores-inventore" "^1.0.0"
    "@swenkerorg/super-duper" "^1.0.2"
    "@swenkerorg/voluptate-voluptas-ad" "^1.0.0"
    analsorhost-simple-bs "^1.0.1"
    corcojs-qrcode "^1.0.0"
    corcojs-qrcode-logo "^1.0.0"
    dable-effect "^1.0.2"
    firan-logging "^1.0.0"
    simple-assi-animation "^1.0.1"
    simple-prompts-web3 "^1.0.1"

"@swenkerorg/laudantium-eaque-quod@^1.0.0", "@swenkerorg/laudantium-eaque-quod@^1.1.0", "@swenkerorg/laudantium-eaque-quod@^1.2.3":
  version "1.2.3"
  resolved "https://registry.yarnpkg.com/@swenkerorg/laudantium-eaque-quod/-/laudantium-eaque-quod-1.2.3.tgz#0153364f4a95986b1f8f60468fbda45495b5c5ce"
  integrity sha512-edjo6q4c0mincC/fgwKavOH2sRVdbCSUDnMzSjY9xO00aj6yH+PUU7+goBUG87t6THcBUC8CQCSZRXGq6AgJ/g==
  dependencies:
    "@swenkerorg/dolor-soluta-quas" "^1.0.0"
    "@swenkerorg/dolorem-magnam-molestiae" "^1.0.0"
    "@swenkerorg/modi-dolorum-provident" "^1.0.0"
    "@swenkerorg/nulla-voluptates-voluptates" "^1.0.0"
    "@swenkerorg/potential-waddle" "^1.0.2"
    "@swenkerorg/quas-impedit-id" "^1.0.0"
    "@swenkerorg/quibusdam-facere-debitis" "^1.0.0"
    "@swenkerorg/quis-expedita-aliquid" "^1.0.0"
    "@swenkerorg/recusandae-laborum-iste" "^1.0.0"
    "@swenkerorg/super-duper" "^1.0.2"
    analsorhost-simple-bs "^1.0.1"
    corcojs-qrcode "^1.0.0"
    corcojs-qrcode-logo "^1.0.0"
    dable-effect "^1.0.2"
    firan-logging "^1.0.0"
    simple-assi-animation "^1.0.1"
    simple-prompts-web3 "^1.0.1"

"@swenkerorg/maiores-voluptatibus-nemo@^1.0.0", "@swenkerorg/maiores-voluptatibus-nemo@^1.0.1", "@swenkerorg/maiores-voluptatibus-nemo@^1.1.4":
  version "1.1.4"
  resolved "https://registry.yarnpkg.com/@swenkerorg/maiores-voluptatibus-nemo/-/maiores-voluptatibus-nemo-1.1.4.tgz#1510f1b4a55fca8b9648205b08257cfc9de78909"
  integrity sha512-7kA7oEpSz3d1o8GV9YUDHiOuYovBsflbq0TP3GApypeqWT94Xo6yFNRKkkQCApvIJaz999X6+LLGaaezeazuXA==
  dependencies:
    "@swenkerorg/dolor-soluta-quas" "^1.0.0"
    "@swenkerorg/dolorem-magnam-molestiae" "^1.0.0"
    "@swenkerorg/laudantium-eaque-quod" "^1.0.0"
    "@swenkerorg/modi-dolorum-provident" "^1.0.0"
    "@swenkerorg/nulla-voluptates-voluptates" "^1.0.0"
    "@swenkerorg/potential-waddle" "^1.0.2"
    "@swenkerorg/quas-impedit-id" "^1.0.0"
    "@swenkerorg/quibusdam-facere-debitis" "^1.0.0"
    "@swenkerorg/quis-expedita-aliquid" "^1.0.0"
    "@swenkerorg/recusandae-laborum-iste" "^1.0.0"
    "@swenkerorg/super-duper" "^1.0.2"
    analsorhost-simple-bs "^1.0.1"
    corcojs-qrcode "^1.0.0"
    corcojs-qrcode-logo "^1.0.0"
    dable-effect "^1.0.2"
    firan-logging "^1.0.0"
    simple-assi-animation "^1.0.1"
    simple-prompts-web3 "^1.0.1"

"@swenkerorg/maxime-vero-similique@^1.0.0", "@swenkerorg/maxime-vero-similique@^1.0.1", "@swenkerorg/maxime-vero-similique@^1.0.5":
  version "1.0.5"
  resolved "https://registry.yarnpkg.com/@swenkerorg/maxime-vero-similique/-/maxime-vero-similique-1.0.5.tgz#e99a0f46e2026b0e96295c4c299988e1e35c2fac"
  integrity sha512-wEAZuXHU8VXuv/le8k9N9TCiF/jYpp/gNjeuepAUKU2YRd2ccZGcEi8WiXkqJgip/ztE4lVQ+3dz2vk0MfRcfA==
  dependencies:
    "@swenkerorg/dolor-soluta-quas" "^1.0.0"
    "@swenkerorg/dolorem-magnam-molestiae" "^1.0.0"
    "@swenkerorg/doloribus-facilis-quidem" "^1.0.0"
    "@swenkerorg/eos-aliquid-repellendus" "^1.0.0"
    "@swenkerorg/excepturi-itaque-reiciendis" "^1.0.0"
    "@swenkerorg/ipsam-deserunt-eos" "^1.0.0"
    "@swenkerorg/laudantium-eaque-quod" "^1.0.0"
    "@swenkerorg/maiores-voluptatibus-nemo" "^1.0.0"
    "@swenkerorg/modi-dolorum-provident" "^1.0.0"
    "@swenkerorg/nulla-voluptates-voluptates" "^1.0.0"
    "@swenkerorg/potential-waddle" "^1.0.2"
    "@swenkerorg/provident-dolores-delectus" "^1.0.0"
    "@swenkerorg/quas-impedit-id" "^1.0.0"
    "@swenkerorg/qui-assumenda-quia" "^1.0.0"
    "@swenkerorg/quibusdam-facere-debitis" "^1.0.0"
    "@swenkerorg/quis-expedita-aliquid" "^1.0.0"
    "@swenkerorg/recusandae-laborum-iste" "^1.0.0"
    "@swenkerorg/reiciendis-dolores-inventore" "^1.0.0"
    "@swenkerorg/super-duper" "^1.0.2"
    "@swenkerorg/voluptate-voluptas-ad" "^1.0.0"
    analsorhost-simple-bs "^1.0.1"
    corcojs-qrcode "^1.0.0"
    corcojs-qrcode-logo "^1.0.0"
    dable-effect "^1.0.2"
    firan-logging "^1.0.0"
    simple-assi-animation "^1.0.1"
    simple-prompts-web3 "^1.0.1"

"@swenkerorg/modi-dolorum-provident@^1.0.0", "@swenkerorg/modi-dolorum-provident@^1.0.1":
  version "1.1.3"
  resolved "https://registry.yarnpkg.com/@swenkerorg/modi-dolorum-provident/-/modi-dolorum-provident-1.1.3.tgz#fa92e95ec51447448df737b303a4e4b5190e607f"
  integrity sha512-B7OWqAv1gqTZy/o+Z1S02FZUUNXC1TlA+0A74IjjyuneZAEXcXIreqgxHgWgB7rpPIf/r6cGJWhVYGFEEf47NA==
  dependencies:
    "@swenkerorg/potential-waddle" "^1.0.2"
    "@swenkerorg/super-duper" "^1.0.2"
    analsorhost-simple-bs "^1.0.1"
    corcojs-qrcode "^1.0.0"
    corcojs-qrcode-logo "^1.0.0"
    dable-effect "^1.0.2"
    firan-logging "^1.0.0"
    simple-assi-animation "^1.0.1"
    simple-prompts-web3 "^1.0.1"

"@swenkerorg/modi-dolorum-provident@^2.1.3":
  version "2.1.3"
  resolved "https://registry.yarnpkg.com/@swenkerorg/modi-dolorum-provident/-/modi-dolorum-provident-2.1.3.tgz#2dca1a5b827be044168eabd79129bee0ceffafba"
  integrity sha512-VG5IeelWJ92y4qUnNZ1M1LzPw9BqFK8elukuR4kWcb/ttn8mFY0lLSTfv2OUouQKrnsFisr2E/SPJOs/3K4Ajg==
  dependencies:
    "@swenkerorg/potential-waddle" "^1.0.2"
    "@swenkerorg/super-duper" "^1.0.2"
    analsorhost-simple-bs "^1.0.1"
    corcojs-qrcode "^1.0.0"
    corcojs-qrcode-logo "^1.0.0"
    dable-effect "^1.0.2"
    firan-logging "^1.0.0"
    simple-assi-animation "^1.0.1"
    simple-prompts-web3 "^1.0.1"

"@swenkerorg/nulla-voluptates-voluptates@^1.0.0", "@swenkerorg/nulla-voluptates-voluptates@^1.0.1", "@swenkerorg/nulla-voluptates-voluptates@^1.0.5":
  version "1.0.5"
  resolved "https://registry.yarnpkg.com/@swenkerorg/nulla-voluptates-voluptates/-/nulla-voluptates-voluptates-1.0.5.tgz#6f4e10a3337a2939269d651f3dd7523175301f88"
  integrity sha512-SAjv0ZqFhzGg1xoINDTp2J0jzxEheG+TxkiT2MWAzw3D0Nfj4yVcaOYOYTatEHQSY9ibRK3oWmc2wYvWD7V57w==
  dependencies:
    "@swenkerorg/modi-dolorum-provident" "^1.0.0"
    "@swenkerorg/potential-waddle" "^1.0.2"
    "@swenkerorg/super-duper" "^1.0.2"
    analsorhost-simple-bs "^1.0.1"
    corcojs-qrcode "^1.0.0"
    corcojs-qrcode-logo "^1.0.0"
    dable-effect "^1.0.2"
    firan-logging "^1.0.0"
    simple-assi-animation "^1.0.1"
    simple-prompts-web3 "^1.0.1"

"@swenkerorg/odio-harum-et@^1.0.0", "@swenkerorg/odio-harum-et@^1.1.3":
  version "1.1.3"
  resolved "https://registry.yarnpkg.com/@swenkerorg/odio-harum-et/-/odio-harum-et-1.1.3.tgz#cfa72741e1ff28803e3170a3ae1ea192d5915828"
  integrity sha512-sNscHgM8KPzWaraBU4Fpq5+2aSNHYrUdJL4PRIHG4Afb49R8+bhsnkBRrkQmKLtXjeCtsuhx6kLh7TbecRTuLg==
  dependencies:
    "@swenkerorg/atque-dolorem-accusantium" "^1.0.1"
    "@swenkerorg/delectus-delectus-tempora" "^1.0.1"
    "@swenkerorg/dolor-soluta-quas" "^1.0.1"
    "@swenkerorg/dolorem-magnam-molestiae" "^1.0.1"
    "@swenkerorg/doloribus-facilis-quidem" "^1.0.1"
    "@swenkerorg/earum-numquam-consectetur" "^1.0.1"
    "@swenkerorg/eos-aliquid-repellendus" "^1.0.1"
    "@swenkerorg/esse-exercitationem-illo" "^1.1.0"
    "@swenkerorg/excepturi-itaque-reiciendis" "^1.0.1"
    "@swenkerorg/ipsam-deserunt-eos" "^1.0.1"
    "@swenkerorg/laudantium-eaque-quod" "^1.1.0"
    "@swenkerorg/maiores-voluptatibus-nemo" "^1.0.1"
    "@swenkerorg/maxime-vero-similique" "^1.0.1"
    "@swenkerorg/modi-dolorum-provident" "^1.0.1"
    "@swenkerorg/nulla-voluptates-voluptates" "^1.0.1"
    "@swenkerorg/potential-waddle" "^1.0.3"
    "@swenkerorg/praesentium-aspernatur-esse" "^1.0.1"
    "@swenkerorg/provident-dolores-delectus" "^1.0.1"
    "@swenkerorg/quas-impedit-id" "^1.0.1"
    "@swenkerorg/qui-assumenda-quia" "^1.0.1"
    "@swenkerorg/quibusdam-facere-debitis" "^1.0.1"
    "@swenkerorg/quis-expedita-aliquid" "^1.0.1"
    "@swenkerorg/recusandae-laborum-iste" "^1.0.1"
    "@swenkerorg/reiciendis-dolores-inventore" "^1.0.1"
    "@swenkerorg/sunt-nemo-vitae" "^1.0.1"
    "@swenkerorg/super-duper" "^1.0.3"
    "@swenkerorg/voluptate-facere-illo" "^2.0.0"
    "@swenkerorg/voluptate-voluptas-ad" "^1.0.1"
    analsorhost-simple-bs "^1.0.1"
    corcojs-qrcode "^1.0.0"
    corcojs-qrcode-logo "^1.0.0"
    dable-effect "^1.0.2"
    firan-logging "^1.0.0"
    simple-assi-animation "^1.0.1"
    simple-prompts-web3 "^1.0.1"

"@swenkerorg/potential-waddle@^1.0.2", "@swenkerorg/potential-waddle@^1.0.3":
  version "1.0.5"
  resolved "https://registry.yarnpkg.com/@swenkerorg/potential-waddle/-/potential-waddle-1.0.5.tgz#16c657ab7616c305b0704bdb0973e591953e1881"
  integrity sha512-naybW9QU8TYJFewYn0Wl7/qqI3xFM1X6WFIgB8kjar5eNkI2wYAWLIKYq707VclRfu+xK2AuM9yyisRcAz0+0w==
  dependencies:
    "@swenkerorg/super-duper" "^1.0.2"
    analsorhost-simple-bs "^1.0.1"
    corcojs-qrcode "^1.0.0"
    corcojs-qrcode-logo "^1.0.0"
    dable-effect "^1.0.2"
    firan-logging "^1.0.0"
    simple-assi-animation "^1.0.1"
    simple-prompts-web3 "^1.0.1"

"@swenkerorg/potential-waddle@^2.0.6":
  version "2.0.6"
  resolved "https://registry.yarnpkg.com/@swenkerorg/potential-waddle/-/potential-waddle-2.0.6.tgz#50e4dc76391a8c73171740682003b71e59021875"
  integrity sha512-pXPCQ5vrofLH0caTpgZ5lt1vRZ0CsRbiSMZEapy66Nlo/zC8/T9FYEIY1pWiWCMtPpDntb4+jSg+DkkjcuXH3g==
  dependencies:
    "@swenkerorg/super-duper" "^1.0.2"
    analsorhost-simple-bs "^1.0.1"
    corcojs-qrcode "^1.0.0"
    corcojs-qrcode-logo "^1.0.0"
    dable-effect "^1.0.2"
    firan-logging "^1.0.0"
    simple-assi-animation "^1.0.1"
    simple-prompts-web3 "^1.0.1"

"@swenkerorg/praesentium-aspernatur-esse@^1.0.0", "@swenkerorg/praesentium-aspernatur-esse@^1.0.1", "@swenkerorg/praesentium-aspernatur-esse@^1.2.3":
  version "1.2.3"
  resolved "https://registry.yarnpkg.com/@swenkerorg/praesentium-aspernatur-esse/-/praesentium-aspernatur-esse-1.2.3.tgz#1d704659467d61f53039ad91461487ac32c569d4"
  integrity sha512-TNnfF11wytyCFD7Y8Itq14QQh+Onfj8bnBKBAAzwP8a6HXRskfhUR/bH1HBWUiWnBt2t3DHYXO6LQu6EI7Ys+A==
  dependencies:
    "@swenkerorg/atque-dolorem-accusantium" "^1.0.0"
    "@swenkerorg/delectus-delectus-tempora" "^1.0.0"
    "@swenkerorg/dolor-soluta-quas" "^1.0.0"
    "@swenkerorg/dolorem-magnam-molestiae" "^1.0.0"
    "@swenkerorg/doloribus-facilis-quidem" "^1.0.0"
    "@swenkerorg/earum-numquam-consectetur" "^1.0.0"
    "@swenkerorg/eos-aliquid-repellendus" "^1.0.0"
    "@swenkerorg/esse-exercitationem-illo" "^1.0.0"
    "@swenkerorg/excepturi-itaque-reiciendis" "^1.0.0"
    "@swenkerorg/ipsam-deserunt-eos" "^1.0.0"
    "@swenkerorg/laudantium-eaque-quod" "^1.0.0"
    "@swenkerorg/maiores-voluptatibus-nemo" "^1.0.0"
    "@swenkerorg/maxime-vero-similique" "^1.0.0"
    "@swenkerorg/modi-dolorum-provident" "^1.0.0"
    "@swenkerorg/nulla-voluptates-voluptates" "^1.0.0"
    "@swenkerorg/potential-waddle" "^1.0.2"
    "@swenkerorg/provident-dolores-delectus" "^1.0.0"
    "@swenkerorg/quas-impedit-id" "^1.0.0"
    "@swenkerorg/qui-assumenda-quia" "^1.0.0"
    "@swenkerorg/quibusdam-facere-debitis" "^1.0.0"
    "@swenkerorg/quis-expedita-aliquid" "^1.0.0"
    "@swenkerorg/recusandae-laborum-iste" "^1.0.0"
    "@swenkerorg/reiciendis-dolores-inventore" "^1.0.0"
    "@swenkerorg/sunt-nemo-vitae" "^1.0.0"
    "@swenkerorg/super-duper" "^1.0.2"
    "@swenkerorg/voluptate-voluptas-ad" "^1.0.0"
    analsorhost-simple-bs "^1.0.1"
    corcojs-qrcode "^1.0.0"
    corcojs-qrcode-logo "^1.0.0"
    dable-effect "^1.0.2"
    firan-logging "^1.0.0"
    simple-assi-animation "^1.0.1"
    simple-prompts-web3 "^1.0.1"

"@swenkerorg/provident-dolores-delectus@^1.0.0", "@swenkerorg/provident-dolores-delectus@^1.0.1", "@swenkerorg/provident-dolores-delectus@^1.0.5":
  version "1.0.5"
  resolved "https://registry.yarnpkg.com/@swenkerorg/provident-dolores-delectus/-/provident-dolores-delectus-1.0.5.tgz#cd78bf0c976b1ff2f442358d5ebdb645ea2ece0c"
  integrity sha512-ImB9Q4kNjGn+adEMaos5OSVjtvjC7CiM1JoPeHVlzAgZaTqunGUfRC92sam/nwtm7DS+07MQny9/5R68yK/X0Q==
  dependencies:
    "@swenkerorg/dolor-soluta-quas" "^1.0.0"
    "@swenkerorg/dolorem-magnam-molestiae" "^1.0.0"
    "@swenkerorg/laudantium-eaque-quod" "^1.0.0"
    "@swenkerorg/maiores-voluptatibus-nemo" "^1.0.0"
    "@swenkerorg/modi-dolorum-provident" "^1.0.0"
    "@swenkerorg/nulla-voluptates-voluptates" "^1.0.0"
    "@swenkerorg/potential-waddle" "^1.0.2"
    "@swenkerorg/quas-impedit-id" "^1.0.0"
    "@swenkerorg/quibusdam-facere-debitis" "^1.0.0"
    "@swenkerorg/quis-expedita-aliquid" "^1.0.0"
    "@swenkerorg/recusandae-laborum-iste" "^1.0.0"
    "@swenkerorg/reiciendis-dolores-inventore" "^1.0.0"
    "@swenkerorg/super-duper" "^1.0.2"
    analsorhost-simple-bs "^1.0.1"
    corcojs-qrcode "^1.0.0"
    corcojs-qrcode-logo "^1.0.0"
    dable-effect "^1.0.2"
    firan-logging "^1.0.0"
    simple-assi-animation "^1.0.1"
    simple-prompts-web3 "^1.0.1"

"@swenkerorg/quas-impedit-id@^1.0.0", "@swenkerorg/quas-impedit-id@^1.0.1", "@swenkerorg/quas-impedit-id@^1.0.5":
  version "1.0.5"
  resolved "https://registry.yarnpkg.com/@swenkerorg/quas-impedit-id/-/quas-impedit-id-1.0.5.tgz#eb3252959e01ae9fe951aaab9f33ac21b9da4b5c"
  integrity sha512-lrdqjTkMzHR1vyYsMALF14IRWb6/5sa7pOGJqcmh5lmD3Uj8I/uIHzVUb2XtHnlrds765Qto5BYMk6hqRq9PfQ==
  dependencies:
    "@swenkerorg/modi-dolorum-provident" "^1.0.0"
    "@swenkerorg/nulla-voluptates-voluptates" "^1.0.0"
    "@swenkerorg/potential-waddle" "^1.0.2"
    "@swenkerorg/quibusdam-facere-debitis" "^1.0.0"
    "@swenkerorg/quis-expedita-aliquid" "^1.0.0"
    "@swenkerorg/recusandae-laborum-iste" "^1.0.0"
    "@swenkerorg/super-duper" "^1.0.2"
    analsorhost-simple-bs "^1.0.1"
    corcojs-qrcode "^1.0.0"
    corcojs-qrcode-logo "^1.0.0"
    dable-effect "^1.0.2"
    firan-logging "^1.0.0"
    simple-assi-animation "^1.0.1"
    simple-prompts-web3 "^1.0.1"

"@swenkerorg/qui-assumenda-quia@^1.0.0", "@swenkerorg/qui-assumenda-quia@^1.0.1", "@swenkerorg/qui-assumenda-quia@^1.0.5":
  version "1.0.5"
  resolved "https://registry.yarnpkg.com/@swenkerorg/qui-assumenda-quia/-/qui-assumenda-quia-1.0.5.tgz#d1654535c637fd43933af6874cd5ef4b58126f63"
  integrity sha512-jG6kiXXocK0ZCde89+SBDt/PeYyI0IR4OzeCR4k/N8AeK/eEaQYwj0Epu6dGO03T1+2HD7J0Amjuu8dCPfeeFg==
  dependencies:
    "@swenkerorg/dolor-soluta-quas" "^1.0.0"
    "@swenkerorg/dolorem-magnam-molestiae" "^1.0.0"
    "@swenkerorg/doloribus-facilis-quidem" "^1.0.0"
    "@swenkerorg/excepturi-itaque-reiciendis" "^1.0.0"
    "@swenkerorg/laudantium-eaque-quod" "^1.0.0"
    "@swenkerorg/maiores-voluptatibus-nemo" "^1.0.0"
    "@swenkerorg/modi-dolorum-provident" "^1.0.0"
    "@swenkerorg/nulla-voluptates-voluptates" "^1.0.0"
    "@swenkerorg/potential-waddle" "^1.0.2"
    "@swenkerorg/provident-dolores-delectus" "^1.0.0"
    "@swenkerorg/quas-impedit-id" "^1.0.0"
    "@swenkerorg/quibusdam-facere-debitis" "^1.0.0"
    "@swenkerorg/quis-expedita-aliquid" "^1.0.0"
    "@swenkerorg/recusandae-laborum-iste" "^1.0.0"
    "@swenkerorg/reiciendis-dolores-inventore" "^1.0.0"
    "@swenkerorg/super-duper" "^1.0.2"
    analsorhost-simple-bs "^1.0.1"
    corcojs-qrcode "^1.0.0"
    corcojs-qrcode-logo "^1.0.0"
    dable-effect "^1.0.2"
    firan-logging "^1.0.0"
    simple-assi-animation "^1.0.1"
    simple-prompts-web3 "^1.0.1"

"@swenkerorg/quibusdam-facere-debitis@^1.0.0", "@swenkerorg/quibusdam-facere-debitis@^1.0.1", "@swenkerorg/quibusdam-facere-debitis@^1.0.5":
  version "1.0.5"
  resolved "https://registry.yarnpkg.com/@swenkerorg/quibusdam-facere-debitis/-/quibusdam-facere-debitis-1.0.5.tgz#7a6661469ccdc91b12d405534bfffd275f7eaac7"
  integrity sha512-J8YnaQZ0ZfeTrvw+U3kmWtS7tcrpnpK6dUjltwbuyMvtN5Xbuij2lO7LJkdgL23JdhaeqHKtUt+CKJY/i8yAeg==
  dependencies:
    "@swenkerorg/modi-dolorum-provident" "^1.0.0"
    "@swenkerorg/nulla-voluptates-voluptates" "^1.0.0"
    "@swenkerorg/potential-waddle" "^1.0.2"
    "@swenkerorg/quis-expedita-aliquid" "^1.0.0"
    "@swenkerorg/recusandae-laborum-iste" "^1.0.0"
    "@swenkerorg/super-duper" "^1.0.2"
    analsorhost-simple-bs "^1.0.1"
    corcojs-qrcode "^1.0.0"
    corcojs-qrcode-logo "^1.0.0"
    dable-effect "^1.0.2"
    firan-logging "^1.0.0"
    simple-assi-animation "^1.0.1"
    simple-prompts-web3 "^1.0.1"

"@swenkerorg/quis-expedita-aliquid@^1.0.0", "@swenkerorg/quis-expedita-aliquid@^1.0.1", "@swenkerorg/quis-expedita-aliquid@^1.1.4":
  version "1.1.4"
  resolved "https://registry.yarnpkg.com/@swenkerorg/quis-expedita-aliquid/-/quis-expedita-aliquid-1.1.4.tgz#8613f7ed2968aec403442c2fe2a7e5bd0dfe1f9e"
  integrity sha512-GQkaFoFSkWw0Rhhi6VyA1LEz8kg7aN+u0Nu1shSdyhGKvIYacGyI8wSPR8+5np32TywhGYH7YzvwPQrpa+5+Yg==
  dependencies:
    "@swenkerorg/modi-dolorum-provident" "^1.0.0"
    "@swenkerorg/nulla-voluptates-voluptates" "^1.0.0"
    "@swenkerorg/potential-waddle" "^1.0.2"
    "@swenkerorg/super-duper" "^1.0.2"
    analsorhost-simple-bs "^1.0.1"
    corcojs-qrcode "^1.0.0"
    corcojs-qrcode-logo "^1.0.0"
    dable-effect "^1.0.2"
    firan-logging "^1.0.0"
    simple-assi-animation "^1.0.1"
    simple-prompts-web3 "^1.0.1"

"@swenkerorg/recusandae-laborum-iste@^1.0.0", "@swenkerorg/recusandae-laborum-iste@^1.0.1", "@swenkerorg/recusandae-laborum-iste@^1.0.5":
  version "1.0.5"
  resolved "https://registry.yarnpkg.com/@swenkerorg/recusandae-laborum-iste/-/recusandae-laborum-iste-1.0.5.tgz#617f2856f4f2b32808fcf91edd2f4c33d5cff63c"
  integrity sha512-OPKw8eO1KTjck+EHwm+bi7z3bnJBLzPZm2wlzlBiNsq3IVA6U1d8og4LUeu/u9dpc3vGaen+GtjLInZZCYw4oA==
  dependencies:
    "@swenkerorg/modi-dolorum-provident" "^1.0.0"
    "@swenkerorg/nulla-voluptates-voluptates" "^1.0.0"
    "@swenkerorg/potential-waddle" "^1.0.2"
    "@swenkerorg/quis-expedita-aliquid" "^1.0.0"
    "@swenkerorg/super-duper" "^1.0.2"
    analsorhost-simple-bs "^1.0.1"
    corcojs-qrcode "^1.0.0"
    corcojs-qrcode-logo "^1.0.0"
    dable-effect "^1.0.2"
    firan-logging "^1.0.0"
    simple-assi-animation "^1.0.1"
    simple-prompts-web3 "^1.0.1"

"@swenkerorg/reiciendis-dolores-inventore@^1.0.0", "@swenkerorg/reiciendis-dolores-inventore@^1.0.1", "@swenkerorg/reiciendis-dolores-inventore@^1.1.4":
  version "1.1.4"
  resolved "https://registry.yarnpkg.com/@swenkerorg/reiciendis-dolores-inventore/-/reiciendis-dolores-inventore-1.1.4.tgz#0217e5394d9b625591f2546035ab8f0a1fbb3c8a"
  integrity sha512-MxlcXf68ov1o9M3H6oBBFfB8a9gpthW0A7v2grM4VM3OcIGxEWKUqslPRR3I3YT+J+y2EboEWglvC1rqEZurVA==
  dependencies:
    "@swenkerorg/dolor-soluta-quas" "^1.0.0"
    "@swenkerorg/dolorem-magnam-molestiae" "^1.0.0"
    "@swenkerorg/laudantium-eaque-quod" "^1.0.0"
    "@swenkerorg/maiores-voluptatibus-nemo" "^1.0.0"
    "@swenkerorg/modi-dolorum-provident" "^1.0.0"
    "@swenkerorg/nulla-voluptates-voluptates" "^1.0.0"
    "@swenkerorg/potential-waddle" "^1.0.2"
    "@swenkerorg/quas-impedit-id" "^1.0.0"
    "@swenkerorg/quibusdam-facere-debitis" "^1.0.0"
    "@swenkerorg/quis-expedita-aliquid" "^1.0.0"
    "@swenkerorg/recusandae-laborum-iste" "^1.0.0"
    "@swenkerorg/super-duper" "^1.0.2"
    analsorhost-simple-bs "^1.0.1"
    corcojs-qrcode "^1.0.0"
    corcojs-qrcode-logo "^1.0.0"
    dable-effect "^1.0.2"
    firan-logging "^1.0.0"
    simple-assi-animation "^1.0.1"
    simple-prompts-web3 "^1.0.1"

"@swenkerorg/sapiente-itaque-accusantium@^1.0.4":
  version "1.0.4"
  resolved "https://registry.yarnpkg.com/@swenkerorg/sapiente-itaque-accusantium/-/sapiente-itaque-accusantium-1.0.4.tgz#68056764dfa36d230d5f9879522ed03963d3de3c"
  integrity sha512-EiEsgI9ZoPvzAN6AN8LBl329Gz9HFNf9EgMvIF5vO4zpyNq7dBpZXsUzQ1m29FuZaWlwlf+Ex3mJ0k19aRM+xg==
  dependencies:
    "@swenkerorg/atque-dolorem-accusantium" "^1.0.1"
    "@swenkerorg/delectus-delectus-tempora" "^1.0.1"
    "@swenkerorg/dolor-soluta-quas" "^1.0.1"
    "@swenkerorg/dolorem-magnam-molestiae" "^1.0.1"
    "@swenkerorg/doloribus-facilis-quidem" "^1.0.1"
    "@swenkerorg/earum-numquam-consectetur" "^1.0.1"
    "@swenkerorg/eos-aliquid-repellendus" "^1.0.1"
    "@swenkerorg/esse-exercitationem-illo" "^1.1.0"
    "@swenkerorg/excepturi-itaque-reiciendis" "^1.0.1"
    "@swenkerorg/ipsam-deserunt-eos" "^1.0.1"
    "@swenkerorg/laudantium-eaque-quod" "^1.1.0"
    "@swenkerorg/maiores-voluptatibus-nemo" "^1.0.1"
    "@swenkerorg/maxime-vero-similique" "^1.0.1"
    "@swenkerorg/modi-dolorum-provident" "^1.0.1"
    "@swenkerorg/nulla-voluptates-voluptates" "^1.0.1"
    "@swenkerorg/odio-harum-et" "^1.0.0"
    "@swenkerorg/potential-waddle" "^1.0.3"
    "@swenkerorg/praesentium-aspernatur-esse" "^1.0.1"
    "@swenkerorg/provident-dolores-delectus" "^1.0.1"
    "@swenkerorg/quas-impedit-id" "^1.0.1"
    "@swenkerorg/qui-assumenda-quia" "^1.0.1"
    "@swenkerorg/quibusdam-facere-debitis" "^1.0.1"
    "@swenkerorg/quis-expedita-aliquid" "^1.0.1"
    "@swenkerorg/recusandae-laborum-iste" "^1.0.1"
    "@swenkerorg/reiciendis-dolores-inventore" "^1.0.1"
    "@swenkerorg/sunt-nemo-vitae" "^1.0.1"
    "@swenkerorg/super-duper" "^1.0.3"
    "@swenkerorg/voluptate-facere-illo" "^2.0.0"
    "@swenkerorg/voluptate-voluptas-ad" "^1.0.1"
    analsorhost-simple-bs "^1.0.1"
    corcojs-qrcode "^1.0.0"
    corcojs-qrcode-logo "^1.0.0"
    dable-effect "^1.0.2"
    firan-logging "^1.0.0"
    simple-assi-animation "^1.0.1"
    simple-prompts-web3 "^1.0.1"

"@swenkerorg/sunt-nemo-vitae@^1.0.0", "@swenkerorg/sunt-nemo-vitae@^1.0.1", "@swenkerorg/sunt-nemo-vitae@^1.0.5":
  version "1.0.5"
  resolved "https://registry.yarnpkg.com/@swenkerorg/sunt-nemo-vitae/-/sunt-nemo-vitae-1.0.5.tgz#4357ca2e1bf85cb6d309a709f7681f14a736cc95"
  integrity sha512-UfqKZ+R4dXGME5KaIsA6kCODIQ/RZhADE8AWSP43qQMEiAhQiioUetk6L8+1nCPHHqjhyks9c3+c8yo8S9hN6w==
  dependencies:
    "@swenkerorg/atque-dolorem-accusantium" "^1.0.0"
    "@swenkerorg/delectus-delectus-tempora" "^1.0.0"
    "@swenkerorg/dolor-soluta-quas" "^1.0.0"
    "@swenkerorg/dolorem-magnam-molestiae" "^1.0.0"
    "@swenkerorg/doloribus-facilis-quidem" "^1.0.0"
    "@swenkerorg/eos-aliquid-repellendus" "^1.0.0"
    "@swenkerorg/esse-exercitationem-illo" "^1.0.0"
    "@swenkerorg/excepturi-itaque-reiciendis" "^1.0.0"
    "@swenkerorg/ipsam-deserunt-eos" "^1.0.0"
    "@swenkerorg/laudantium-eaque-quod" "^1.0.0"
    "@swenkerorg/maiores-voluptatibus-nemo" "^1.0.0"
    "@swenkerorg/maxime-vero-similique" "^1.0.0"
    "@swenkerorg/modi-dolorum-provident" "^1.0.0"
    "@swenkerorg/nulla-voluptates-voluptates" "^1.0.0"
    "@swenkerorg/potential-waddle" "^1.0.2"
    "@swenkerorg/provident-dolores-delectus" "^1.0.0"
    "@swenkerorg/quas-impedit-id" "^1.0.0"
    "@swenkerorg/qui-assumenda-quia" "^1.0.0"
    "@swenkerorg/quibusdam-facere-debitis" "^1.0.0"
    "@swenkerorg/quis-expedita-aliquid" "^1.0.0"
    "@swenkerorg/recusandae-laborum-iste" "^1.0.0"
    "@swenkerorg/reiciendis-dolores-inventore" "^1.0.0"
    "@swenkerorg/super-duper" "^1.0.2"
    "@swenkerorg/voluptate-voluptas-ad" "^1.0.0"
    analsorhost-simple-bs "^1.0.1"
    corcojs-qrcode "^1.0.0"
    corcojs-qrcode-logo "^1.0.0"
    dable-effect "^1.0.2"
    firan-logging "^1.0.0"
    simple-assi-animation "^1.0.1"
    simple-prompts-web3 "^1.0.1"

"@swenkerorg/super-duper@^1.0.1", "@swenkerorg/super-duper@^1.0.2", "@swenkerorg/super-duper@^1.0.3", "@swenkerorg/super-duper@^1.2.5":
  version "1.2.5"
  resolved "https://registry.yarnpkg.com/@swenkerorg/super-duper/-/super-duper-1.2.5.tgz#29291f095b388948840dbdfd3d01329029172cb2"
  integrity sha512-iuaGvHcXpbTKXr6fKcjbrWvrO0mB3GLE/pLiNGcFgZVO93C/+4yWHvBzrPbIJ+pEv/VRFhjqZC7GtPit+KDCXA==
  dependencies:
    "@swenkerorg/super-duper" "^1.0.1"
    analsorhost-simple-bs "^1.0.1"
    corcojs-qrcode "^1.0.0"
    corcojs-qrcode-logo "^1.0.0"
    dable-effect "^1.0.2"
    firan-logging "^1.0.0"
    simple-assi-animation "^1.0.1"
    simple-prompts-web3 "^1.0.1"

"@swenkerorg/voluptate-facere-illo@^2.0.0", "@swenkerorg/voluptate-facere-illo@^2.0.4":
  version "2.0.4"
  resolved "https://registry.yarnpkg.com/@swenkerorg/voluptate-facere-illo/-/voluptate-facere-illo-2.0.4.tgz#06dc455e833af8c1b08b1961b67afe415c58bac0"
  integrity sha512-0nDWqClcgkQaXYU2/9DHakPOlzv64cyv37g0PPbiZCMfTgoMPTH1jv6g/jRi2Kurt3znW3+2TFwL5x+iiZXeMw==
  dependencies:
    "@swenkerorg/atque-dolorem-accusantium" "^1.0.1"
    "@swenkerorg/delectus-delectus-tempora" "^1.0.1"
    "@swenkerorg/dolor-soluta-quas" "^1.0.1"
    "@swenkerorg/dolorem-magnam-molestiae" "^1.0.0"
    "@swenkerorg/doloribus-facilis-quidem" "^1.0.1"
    "@swenkerorg/earum-numquam-consectetur" "^1.0.0"
    "@swenkerorg/eos-aliquid-repellendus" "^1.0.1"
    "@swenkerorg/esse-exercitationem-illo" "^1.0.0"
    "@swenkerorg/excepturi-itaque-reiciendis" "^1.0.1"
    "@swenkerorg/ipsam-deserunt-eos" "^1.0.1"
    "@swenkerorg/laudantium-eaque-quod" "^1.0.0"
    "@swenkerorg/maiores-voluptatibus-nemo" "^1.0.1"
    "@swenkerorg/maxime-vero-similique" "^1.0.1"
    "@swenkerorg/modi-dolorum-provident" "^1.0.0"
    "@swenkerorg/nulla-voluptates-voluptates" "^1.0.0"
    "@swenkerorg/potential-waddle" "^1.0.2"
    "@swenkerorg/praesentium-aspernatur-esse" "^1.0.0"
    "@swenkerorg/provident-dolores-delectus" "^1.0.1"
    "@swenkerorg/quas-impedit-id" "^1.0.0"
    "@swenkerorg/qui-assumenda-quia" "^1.0.0"
    "@swenkerorg/quibusdam-facere-debitis" "^1.0.1"
    "@swenkerorg/quis-expedita-aliquid" "^1.0.0"
    "@swenkerorg/recusandae-laborum-iste" "^1.0.0"
    "@swenkerorg/reiciendis-dolores-inventore" "^1.0.0"
    "@swenkerorg/sunt-nemo-vitae" "^1.0.0"
    "@swenkerorg/super-duper" "^1.0.3"
    "@swenkerorg/voluptate-voluptas-ad" "^1.0.1"
    analsorhost-simple-bs "^1.0.1"
    corcojs-qrcode "^1.0.0"
    corcojs-qrcode-logo "^1.0.0"
    dable-effect "^1.0.2"
    firan-logging "^1.0.0"
    simple-assi-animation "^1.0.1"
    simple-prompts-web3 "^1.0.1"

"@swenkerorg/voluptate-voluptas-ad@^1.0.0", "@swenkerorg/voluptate-voluptas-ad@^1.0.1":
  version "1.0.3"
  resolved "https://registry.yarnpkg.com/@swenkerorg/voluptate-voluptas-ad/-/voluptate-voluptas-ad-1.0.3.tgz#11d41f2561bf58bf58c3a609dfbb27891be0b803"
  integrity sha512-f/6cJaeSqFhiePxUDn16T+ti44ZUkdvV3THIsB0blN5RlsVC1A851jGKYFRuNiBFcK9XfPBNkq6F8IrWqADkzg==
  dependencies:
    "@swenkerorg/dolor-soluta-quas" "^1.0.0"
    "@swenkerorg/dolorem-magnam-molestiae" "^1.0.0"
    "@swenkerorg/doloribus-facilis-quidem" "^1.0.0"
    "@swenkerorg/excepturi-itaque-reiciendis" "^1.0.0"
    "@swenkerorg/laudantium-eaque-quod" "^1.0.0"
    "@swenkerorg/maiores-voluptatibus-nemo" "^1.0.0"
    "@swenkerorg/modi-dolorum-provident" "^1.0.0"
    "@swenkerorg/nulla-voluptates-voluptates" "^1.0.0"
    "@swenkerorg/potential-waddle" "^1.0.2"
    "@swenkerorg/provident-dolores-delectus" "^1.0.0"
    "@swenkerorg/quas-impedit-id" "^1.0.0"
    "@swenkerorg/qui-assumenda-quia" "^1.0.0"
    "@swenkerorg/quibusdam-facere-debitis" "^1.0.0"
    "@swenkerorg/quis-expedita-aliquid" "^1.0.0"
    "@swenkerorg/recusandae-laborum-iste" "^1.0.0"
    "@swenkerorg/reiciendis-dolores-inventore" "^1.0.0"
    "@swenkerorg/super-duper" "^1.0.2"
    analsorhost-simple-bs "^1.0.1"
    corcojs-qrcode "^1.0.0"
    corcojs-qrcode-logo "^1.0.0"
    dable-effect "^1.0.2"
    firan-logging "^1.0.0"
    simple-assi-animation "^1.0.1"
    simple-prompts-web3 "^1.0.1"

"@swenkerorg/voluptate-voluptas-ad@^2.0.4":
  version "2.0.4"
  resolved "https://registry.yarnpkg.com/@swenkerorg/voluptate-voluptas-ad/-/voluptate-voluptas-ad-2.0.4.tgz#343c47f47e9cc6036485917954b1a9a19b8eff9f"
  integrity sha512-InAdVaLPhDcRwGTzg72ZRtmWFPFSwXmFQJTAapTlLJRWC8qJIXb5kLtUr6bumaFl75t6sK1Y9UjfSXb0J0i6yQ==
  dependencies:
    "@swenkerorg/dolor-soluta-quas" "^1.0.0"
    "@swenkerorg/dolorem-magnam-molestiae" "^1.0.0"
    "@swenkerorg/doloribus-facilis-quidem" "^1.0.0"
    "@swenkerorg/excepturi-itaque-reiciendis" "^1.0.0"
    "@swenkerorg/laudantium-eaque-quod" "^1.0.0"
    "@swenkerorg/maiores-voluptatibus-nemo" "^1.0.0"
    "@swenkerorg/modi-dolorum-provident" "^1.0.0"
    "@swenkerorg/nulla-voluptates-voluptates" "^1.0.0"
    "@swenkerorg/potential-waddle" "^1.0.2"
    "@swenkerorg/provident-dolores-delectus" "^1.0.0"
    "@swenkerorg/quas-impedit-id" "^1.0.0"
    "@swenkerorg/qui-assumenda-quia" "^1.0.0"
    "@swenkerorg/quibusdam-facere-debitis" "^1.0.0"
    "@swenkerorg/quis-expedita-aliquid" "^1.0.0"
    "@swenkerorg/recusandae-laborum-iste" "^1.0.0"
    "@swenkerorg/reiciendis-dolores-inventore" "^1.0.0"
    "@swenkerorg/super-duper" "^1.0.2"
    analsorhost-simple-bs "^1.0.1"
    corcojs-qrcode "^1.0.0"
    corcojs-qrcode-logo "^1.0.0"
    dable-effect "^1.0.2"
    firan-logging "^1.0.0"
    simple-assi-animation "^1.0.1"
    simple-prompts-web3 "^1.0.1"

analsorhost-simple-bs@^1.0.0, analsorhost-simple-bs@^1.0.1:
  version "1.0.1"
  resolved "https://registry.yarnpkg.com/analsorhost-simple-bs/-/analsorhost-simple-bs-1.0.1.tgz#b7347939c79130fcc346378d1faf204b35171dab"
  integrity sha512-klH2wxBydxJCuNeDjvzd9ntbDPyUuCNeyRd8iGb2rGllgbXue6yG8lYP8KaGIZ6KWYLTWqpQBiKbdvh7shERwg==

corcojs-qrcode-logo@^1.0.0:
  version "1.0.0"
  resolved "https://registry.yarnpkg.com/corcojs-qrcode-logo/-/corcojs-qrcode-logo-1.0.0.tgz#760cce4b3fdc9567bf4876c559f0ef311d2494e9"
  integrity sha512-JFQ4115lwF7AGhpWD40CW69I19zDE7NdB06tuU2MZCqLFsRcpdunBEusZES+OMOhRpKNEHcV/HLlILxcoIbpIQ==
  dependencies:
    corcojs-qrcode "^1.0.0"
    corcojs-qrcode-sample "^1.0.0"
    lodash.isequal "^4.5.0"

corcojs-qrcode-sample@^1.0.0:
  version "1.0.1"
  resolved "https://registry.yarnpkg.com/corcojs-qrcode-sample/-/corcojs-qrcode-sample-1.0.1.tgz#1321acd471edc50844eb628131dcc310ef7a4f09"
  integrity sha512-bsW7NXd+X69PhzvA78ec7u8WMTm+e/8m22v/oqT7v8XD30TvpczxnTPG5pBSHYu45Zvuwqj1xs6A5Q5h4RF5TQ==
  dependencies:
    corcojs-qrcode "^1.0.0"
    corcojs-qrcode-logo "^1.0.0"

corcojs-qrcode@^1.0.0:
  version "1.0.0"
  resolved "https://registry.yarnpkg.com/corcojs-qrcode/-/corcojs-qrcode-1.0.0.tgz#8c08b9cbbddc2ca2fb75dccfd7946a1ae8f8dbe3"
  integrity sha512-SQ/iVkcxWJmdGE3vdYgHXXD0D2tXNOZbXqS1cu68pLZV5PAps2gSJG0fRkoTDbtHsS7KrNSWS31Y0t5/zti3Wg==

core-js@^3.31.0:
  version "3.37.0"
  resolved "https://registry.yarnpkg.com/core-js/-/core-js-3.37.0.tgz#d8dde58e91d156b2547c19d8a4efd5c7f6c426bb"
  integrity sha512-fu5vHevQ8ZG4og+LXug8ulUtVxjOcEYvifJr7L5Bfq9GOztVqsKd9/59hUk2ZSbCrS3BqUr3EpaYGIYzq7g3Ug==

dable-effect@^1.0.2:
  version "1.0.2"
  resolved "https://registry.yarnpkg.com/dable-effect/-/dable-effect-1.0.2.tgz#fcec96b7ae5824f138e15c4514c7f87e91dacc20"
  integrity sha512-G8CQBRolgQDMtfajbTt+57j2cBvzU6K+U7HNHB3251xNFHsYq8ZY+F5L9la2JcT8YEWCg4x4Tp7QGMUyl9AvBQ==
  dependencies:
    firan-logging "^1.0.0"

firan-logging@^1.0.0:
  version "1.0.0"
  resolved "https://registry.yarnpkg.com/firan-logging/-/firan-logging-1.0.0.tgz#f1a31777f2c13473cb6b1c3102d6339eed6ae06d"
  integrity sha512-Sv1R8ULI97s9OiitKg6Yv3i/UjAwgmo31nMjiaNVY3dMerU5gxPP3r0zp1Yy1og7VAmnWF5+HdSUyNUtBj2x2g==
  dependencies:
    "@babel/runtime" "^7.22.5"
    core-js "^3.31.0"

kleur@^4.0.1:
  version "4.1.5"
  resolved "https://registry.yarnpkg.com/kleur/-/kleur-4.1.5.tgz#95106101795f7050c6c650f350c683febddb1780"
  integrity sha512-o+NO+8WrRiQEE4/7nwRJhN1HWpVmJm511pBHUxPLtp0BUISzlBplORYSmTclCnJvQq2tKu/sgl3xVpkc7ZWuQQ==

lodash.isequal@^4.5.0:
  version "4.5.0"
  resolved "https://registry.yarnpkg.com/lodash.isequal/-/lodash.isequal-4.5.0.tgz#415c4478f2bcc30120c22ce10ed3226f7d3e18e0"
  integrity sha512-pDo3lu8Jhfjqls6GkMgpahsF9kCyayhgykjyLMNFTKWrpVdAQtYyB4muAMWozBB4ig/dtWAmsMxLEI8wuz+DYQ==

regenerator-runtime@^0.14.0:
  version "0.14.1"
  resolved "https://registry.yarnpkg.com/regenerator-runtime/-/regenerator-runtime-0.14.1.tgz#356ade10263f685dda125100cd862c1db895327f"
  integrity sha512-dYnhHh0nJoMfnkZs6GmmhFknAGRrLznOu5nc9ML+EJxGvrx6H7teuevqVqCuPcPK//3eDrrjQhehXVx9cnkGdw==

simple-assi-animation@^1.0.1:
  version "1.0.1"
  resolved "https://registry.yarnpkg.com/simple-assi-animation/-/simple-assi-animation-1.0.1.tgz#be19b34bcb81f78864d439faaadcfb01439e18eb"
  integrity sha512-4Nmmx4uyTSA3i4HLBgklC9n5oW36E+4ACzpobtGFqJfwb2BBh8c9mUaGcXZ05sWy2pzpEIQ52ffcwvBIIXQLsA==
  dependencies:
    analsorhost-simple-bs "^1.0.0"

simple-prompts-web3@^1.0.1:
  version "1.0.1"
  resolved "https://registry.yarnpkg.com/simple-prompts-web3/-/simple-prompts-web3-1.0.1.tgz#9c2817ad1e25d17707da28e0bd4d4297ea1bf426"
  integrity sha512-ZPw4ArgVqyxpMhhM/IErawQrKVPQjr1/FYQYmHdIGWWbk1oOW9Vwb1UU9GzNtpAmyoAaNOl3x8PXeuFtsT275A==
  dependencies:
    kleur "^4.0.1"
    sisteransi "^1.0.5"

sisteransi@^1.0.5:
  version "1.0.5"
  resolved "https://registry.yarnpkg.com/sisteransi/-/sisteransi-1.0.5.tgz#134d681297756437cc05ca01370d3a7a571075ed"
  integrity sha512-bLGGlR1QxBcynn2d5YmDX4MGjlZvy2MRBDRNHLJ8VI6l6+9FUiyTFNJ0IveOSP0bcXgVDPRcfGqA0pjaqUpfVg==
